
Microsoft Visual Studio Solution File, Format Version 12.00
# Visual Studio Version 16
VisualStudioVersion = 16.0.31605.320
MinimumVisualStudioVersion = 10.0.40219.1
Project("{FAE04EC0-301F-11D3-BF4B-00C04F79EFBC}") = "Nogada", "Nogada\Nogada.csproj", "{E3189083-1773-4913-B107-9B16E210C8EE}"
EndProject
Global
	GlobalSection(SolutionConfigurationPlatforms) = preSolution
		Debug|Any CPU = Debug|Any CPU
		Release|Any CPU = Release|Any CPU
	EndGlobalSection
	GlobalSection(ProjectConfigurationPlatforms) = postSolution
		{E3189083-1773-4913-B107-9B16E210C8EE}.Debug|Any CPU.ActiveCfg = Debug|Any CPU
		{E3189083-1773-4913-B107-9B16E210C8EE}.Debug|Any CPU.Build.0 = Debug|Any CPU
		{E3189083-1773-4913-B107-9B16E210C8EE}.Release|Any CPU.ActiveCfg = Release|Any CPU
		{E3189083-1773-4913-B107-9B16E210C8EE}.Release|Any CPU.Build.0 = Release|Any CPU
	EndGlobalSection
	GlobalSection(SolutionProperties) = preSolution
		HideSolutionNode = FALSE
	EndGlobalSection
	GlobalSection(ExtensibilityGlobals) = postSolution
		SolutionGuid = {AD45780C-41B4-4134-BE1A-A52D83C04C12}
	EndGlobalSection
EndGlobal
